
Microsoft Visual Studio Solution File, Format Version 12.00
# Visual Studio Version 17
VisualStudioVersion = 17.1.32421.90
MinimumVisualStudioVersion = 10.0.40219.1
Project("{9A19103F-16F7-4668-BE54-9A1E7A4F7556}") = "TempElementsLib", "..\TempElementsFramework\TempElementsLib\TempElementsLib.csproj", "{D468C250-2AAF-45CE-9922-95BA8276D75A}"
EndProject
Project("{9A19103F-16F7-4668-BE54-9A1E7A4F7556}") = "TempElementsConsoleApp", "..\TempElementsFramework\TempElementsConsoleApp\TempElementsConsoleApp.csproj", "{99807928-2361-4D3E-AF67-E797755AB422}"
EndProject
Global
	GlobalSection(SolutionConfigurationPlatforms) = preSolution
		Debug|Any CPU = Debug|Any CPU
		Release|Any CPU = Release|Any CPU
	EndGlobalSection
	GlobalSection(ProjectConfigurationPlatforms) = postSolution
		{D468C250-2AAF-45CE-9922-95BA8276D75A}.Debug|Any CPU.ActiveCfg = Debug|Any CPU
		{D468C250-2AAF-45CE-9922-95BA8276D75A}.Debug|Any CPU.Build.0 = Debug|Any CPU
		{D468C250-2AAF-45CE-9922-95BA8276D75A}.Release|Any CPU.ActiveCfg = Release|Any CPU
		{D468C250-2AAF-45CE-9922-95BA8276D75A}.Release|Any CPU.Build.0 = Release|Any CPU
		{99807928-2361-4D3E-AF67-E797755AB422}.Debug|Any CPU.ActiveCfg = Debug|Any CPU
		{99807928-2361-4D3E-AF67-E797755AB422}.Debug|Any CPU.Build.0 = Debug|Any CPU
		{99807928-2361-4D3E-AF67-E797755AB422}.Release|Any CPU.ActiveCfg = Release|Any CPU
		{99807928-2361-4D3E-AF67-E797755AB422}.Release|Any CPU.Build.0 = Release|Any CPU
	EndGlobalSection
	GlobalSection(SolutionProperties) = preSolution
		HideSolutionNode = FALSE
	EndGlobalSection
	GlobalSection(ExtensibilityGlobals) = postSolution
		SolutionGuid = {961E21FB-E086-490D-AD01-12605E88C00D}
	EndGlobalSection
EndGlobal
